
Microsoft Visual Studio Solution File, Format Version 12.00
# Visual Studio Version 16
VisualStudioVersion = 16.0.31129.286
MinimumVisualStudioVersion = 10.0.40219.1
Project("{FAE04EC0-301F-11D3-BF4B-00C04F79EFBC}") = "adapterTask", "adapterTask\adapterTask.csproj", "{FE1D6FD6-5B0D-4330-AF0F-01B7E7A9CEC6}"
EndProject
Global
	GlobalSection(SolutionConfigurationPlatforms) = preSolution
		Debug|Any CPU = Debug|Any CPU
		Release|Any CPU = Release|Any CPU
	EndGlobalSection
	GlobalSection(ProjectConfigurationPlatforms) = postSolution
		{FE1D6FD6-5B0D-4330-AF0F-01B7E7A9CEC6}.Debug|Any CPU.ActiveCfg = Debug|Any CPU
		{FE1D6FD6-5B0D-4330-AF0F-01B7E7A9CEC6}.Debug|Any CPU.Build.0 = Debug|Any CPU
		{FE1D6FD6-5B0D-4330-AF0F-01B7E7A9CEC6}.Release|Any CPU.ActiveCfg = Release|Any CPU
		{FE1D6FD6-5B0D-4330-AF0F-01B7E7A9CEC6}.Release|Any CPU.Build.0 = Release|Any CPU
	EndGlobalSection
	GlobalSection(SolutionProperties) = preSolution
		HideSolutionNode = FALSE
	EndGlobalSection
	GlobalSection(ExtensibilityGlobals) = postSolution
		SolutionGuid = {1847B3C7-A5A2-4B34-AAA7-BC224FD564C7}
	EndGlobalSection
EndGlobal
